
Microsoft Visual Studio Solution File, Format Version 12.00
# Visual Studio Version 16
VisualStudioVersion = 16.0.31321.278
MinimumVisualStudioVersion = 10.0.40219.1
Project("{FAE04EC0-301F-11D3-BF4B-00C04F79EFBC}") = "ProgramaBuilder_ExamenP2", "ProgramaBuilder_ExamenP2\ProgramaBuilder_ExamenP2.csproj", "{D0360E6A-E046-43B4-96AE-2AAFD22AA09C}"
EndProject
Global
	GlobalSection(SolutionConfigurationPlatforms) = preSolution
		Debug|Any CPU = Debug|Any CPU
		Release|Any CPU = Release|Any CPU
	EndGlobalSection
	GlobalSection(ProjectConfigurationPlatforms) = postSolution
		{D0360E6A-E046-43B4-96AE-2AAFD22AA09C}.Debug|Any CPU.ActiveCfg = Debug|Any CPU
		{D0360E6A-E046-43B4-96AE-2AAFD22AA09C}.Debug|Any CPU.Build.0 = Debug|Any CPU
		{D0360E6A-E046-43B4-96AE-2AAFD22AA09C}.Release|Any CPU.ActiveCfg = Release|Any CPU
		{D0360E6A-E046-43B4-96AE-2AAFD22AA09C}.Release|Any CPU.Build.0 = Release|Any CPU
	EndGlobalSection
	GlobalSection(SolutionProperties) = preSolution
		HideSolutionNode = FALSE
	EndGlobalSection
	GlobalSection(ExtensibilityGlobals) = postSolution
		SolutionGuid = {896C65CD-9FFB-4863-89FA-98EB6FB709BA}
	EndGlobalSection
EndGlobal
